<?xml version="1.0" encoding="utf-8"?>
<Project ToolsVersion="4.0" xmlns="http://schemas.microsoft.com/developer/msbuild/2003">
  <ItemGroup>
    <Filter Include="Source Files">
      <UniqueIdentifier>{4FC737F1-C7A5-4376-A066-2A32D752A2FF}</UniqueIdentifier>
      <Extensions>cpp;c;cc;cxx;def;odl;idl;hpj;bat;asm;asmx</Extensions>
    </Filter>
    <Filter Include="Header Files">
      <UniqueIdentifier>{93995380-89BD-4b04-88EB-625FBE52EBFB}</UniqueIdentifier>
      <Extensions>h;hh;hpp;hxx;hm;inl;inc;xsd</Extensions>
    </Filter>
    <Filter Include="Resource Files">
      <UniqueIdentifier>{67DA6AB6-F800-4c08-8B7A-83BB121AAD01}</UniqueIdentifier>
      <Extensions>rc;ico;cur;bmp;dlg;rc2;rct;bin;rgs;gif;jpg;jpeg;jpe;resx;tiff;tif;png;wav;mfcribbon-ms</Extensions>
    </Filter>
    <Filter Include="Header Files\Neural Network">
      <UniqueIdentifier>{61eb7c7c-9c8d-4fe5-b696-ab0e2969bb97}</UniqueIdentifier>
    </Filter>
    <Filter Include="Header Files\Creature">
      <UniqueIdentifier>{80f4d266-4f51-462b-9fc5-a52e4956d1dc}</UniqueIdentifier>
    </Filter>
    <Filter Include="Source Files\Creature">
      <UniqueIdentifier>{37e53a74-36b9-4e96-8dbd-3c351c092cc4}</UniqueIdentifier>
    </Filter>
    <Filter Include="Header Files\Physics">
      <UniqueIdentifier>{992b7f5f-26e1-47fa-a516-fe47d819f5f9}</UniqueIdentifier>
    </Filter>
    <Filter Include="Source Files\Physics">
      <UniqueIdentifier>{3188c4c5-2007-407e-aa25-c8c216cee855}</UniqueIdentifier>
    </Filter>
    <Filter Include="Source Files\Resource">
      <UniqueIdentifier>{b49f88a3-dd3c-4bbb-8db7-70e08d993c02}</UniqueIdentifier>
    </Filter>
    <Filter Include="Header Files\Resource">
      <UniqueIdentifier>{e37a0252-b868-49a4-99a0-d88f649fd351}</UniqueIdentifier>
    </Filter>
  </ItemGroup>
  <ItemGroup>
    <ClCompile Include="main.cpp">
      <Filter>Source Files</Filter>
    </ClCompile>
    <ClCompile Include="CellCreature.cpp">
      <Filter>Source Files\Creature</Filter>
    </ClCompile>
    <ClCompile Include="Mouth.cpp">
      <Filter>Source Files\Creature</Filter>
    </ClCompile>
    <ClCompile Include="Eye.cpp">
      <Filter>Source Files\Creature</Filter>
    </ClCompile>
    <ClCompile Include="PhysHandler.cpp">
      <Filter>Source Files\Physics</Filter>
    </ClCompile>
    <ClCompile Include="PhysObject.cpp">
      <Filter>Source Files\Physics</Filter>
    </ClCompile>
    <ClCompile Include="Shape.cpp">
      <Filter>Source Files\Physics</Filter>
    </ClCompile>
    <ClCompile Include="Collision.cpp">
      <Filter>Source Files\Physics</Filter>
    </ClCompile>
    <ClCompile Include="PlantGenerator.cpp">
      <Filter>Source Files\Creature</Filter>
    </ClCompile>
    <ClCompile Include="Plant.cpp">
      <Filter>Source Files\Resource</Filter>
    </ClCompile>
    <ClCompile Include="World.cpp">
      <Filter>Source Files</Filter>
    </ClCompile>
    <ClCompile Include="PhysSolver.cpp">
      <Filter>Source Files\Physics</Filter>
    </ClCompile>
    <ClCompile Include="Meat.cpp">
      <Filter>Source Files\Resource</Filter>
    </ClCompile>
    <ClCompile Include="noise.cpp">
      <Filter>Source Files</Filter>
    </ClCompile>
  </ItemGroup>
  <ItemGroup>
    <ClInclude Include="Color.h">
      <Filter>Header Files</Filter>
    </ClInclude>
    <ClInclude Include="Drawing.h">
      <Filter>Header Files</Filter>
    </ClInclude>
    <ClInclude Include="math.h">
      <Filter>Header Files</Filter>
    </ClInclude>
    <ClInclude Include="Dendrite.h">
      <Filter>Header Files\Neural Network</Filter>
    </ClInclude>
    <ClInclude Include="Neuron.h">
      <Filter>Header Files\Neural Network</Filter>
    </ClInclude>
    <ClInclude Include="NeuralNetwork.h">
      <Filter>Header Files\Neural Network</Filter>
    </ClInclude>
    <ClInclude Include="Layer.h">
      <Filter>Header Files\Neural Network</Filter>
    </ClInclude>
    <ClInclude Include="Body.h">
      <Filter>Header Files\Creature</Filter>
    </ClInclude>
    <ClInclude Include="CellCreature.h">
      <Filter>Header Files\Creature</Filter>
    </ClInclude>
    <ClInclude Include="Mouth.h">
      <Filter>Header Files\Creature</Filter>
    </ClInclude>
    <ClInclude Include="MoveElement.h">
      <Filter>Header Files\Creature</Filter>
    </ClInclude>
    <ClInclude Include="Eye.h">
      <Filter>Header Files\Creature</Filter>
    </ClInclude>
    <ClInclude Include="Shape.h">
      <Filter>Header Files\Physics</Filter>
    </ClInclude>
    <ClInclude Include="PhysObject.h">
      <Filter>Header Files\Physics</Filter>
    </ClInclude>
    <ClInclude Include="PhysHandler.h">
      <Filter>Header Files\Physics</Filter>
    </ClInclude>
    <ClInclude Include="Collision.h">
      <Filter>Header Files\Physics</Filter>
    </ClInclude>
    <ClInclude Include="PhysSolver.h">
      <Filter>Header Files\Physics</Filter>
    </ClInclude>
    <ClInclude Include="Spike.h">
      <Filter>Header Files\Creature</Filter>
    </ClInclude>
    <ClInclude Include="Plant.h">
      <Filter>Header Files\Resource</Filter>
    </ClInclude>
    <ClInclude Include="PlantGenerator.h">
      <Filter>Header Files\Resource</Filter>
    </ClInclude>
    <ClInclude Include="Meat.h">
      <Filter>Header Files\Resource</Filter>
    </ClInclude>
    <ClInclude Include="PhysObj.h">
      <Filter>Header Files\Physics</Filter>
    </ClInclude>
    <ClInclude Include="World.h">
      <Filter>Header Files</Filter>
    </ClInclude>
    <ClInclude Include="noise.h">
      <Filter>Header Files</Filter>
    </ClInclude>
  </ItemGroup>
</Project>